
Microsoft Visual Studio Solution File, Format Version 12.00
# Visual Studio Version 17
VisualStudioVersion = 17.9.34511.98
MinimumVisualStudioVersion = 10.0.40219.1
Project("{9A19103F-16F7-4668-BE54-9A1E7A4F7556}") = "ROCStar", "ROCStar\ROCStar.csproj", "{28DAB9E8-7287-46B9-A4AD-2E9B1F39A7FA}"
EndProject
Project("{9A19103F-16F7-4668-BE54-9A1E7A4F7556}") = "ROCStarBackend", "ROCStarBackend\ROCStarBackend.csproj", "{3F01EE5A-F7E5-4C58-B499-102B70EBEC19}"
EndProject
Project("{FAE04EC0-301F-11D3-BF4B-00C04F79EFBC}") = "ROCStarTesting", "ROCStarTesting\ROCStarTesting.csproj", "{A025D1FF-50BB-4992-8F46-39795339614D}"
EndProject
Global
	GlobalSection(SolutionConfigurationPlatforms) = preSolution
		Debug|Any CPU = Debug|Any CPU
		Release|Any CPU = Release|Any CPU
	EndGlobalSection
	GlobalSection(ProjectConfigurationPlatforms) = postSolution
		{28DAB9E8-7287-46B9-A4AD-2E9B1F39A7FA}.Debug|Any CPU.ActiveCfg = Debug|Any CPU
		{28DAB9E8-7287-46B9-A4AD-2E9B1F39A7FA}.Debug|Any CPU.Build.0 = Debug|Any CPU
		{28DAB9E8-7287-46B9-A4AD-2E9B1F39A7FA}.Release|Any CPU.ActiveCfg = Release|Any CPU
		{28DAB9E8-7287-46B9-A4AD-2E9B1F39A7FA}.Release|Any CPU.Build.0 = Release|Any CPU
		{3F01EE5A-F7E5-4C58-B499-102B70EBEC19}.Debug|Any CPU.ActiveCfg = Debug|Any CPU
		{3F01EE5A-F7E5-4C58-B499-102B70EBEC19}.Debug|Any CPU.Build.0 = Debug|Any CPU
		{3F01EE5A-F7E5-4C58-B499-102B70EBEC19}.Release|Any CPU.ActiveCfg = Release|Any CPU
		{3F01EE5A-F7E5-4C58-B499-102B70EBEC19}.Release|Any CPU.Build.0 = Release|Any CPU
		{A025D1FF-50BB-4992-8F46-39795339614D}.Debug|Any CPU.ActiveCfg = Debug|Any CPU
		{A025D1FF-50BB-4992-8F46-39795339614D}.Debug|Any CPU.Build.0 = Debug|Any CPU
		{A025D1FF-50BB-4992-8F46-39795339614D}.Release|Any CPU.ActiveCfg = Release|Any CPU
		{A025D1FF-50BB-4992-8F46-39795339614D}.Release|Any CPU.Build.0 = Release|Any CPU
	EndGlobalSection
	GlobalSection(SolutionProperties) = preSolution
		HideSolutionNode = FALSE
	EndGlobalSection
	GlobalSection(ExtensibilityGlobals) = postSolution
		SolutionGuid = {2D26461A-73DD-469D-89C7-47C465AB2344}
	EndGlobalSection
EndGlobal
